{
  "name": "sbp-avatar-generator",
  "version": "1.0.0",
  "lockfileVersion": 3,
  "requires": true,
  "packages": {
    "": {
      "name": "sbp-avatar-generator",
      "version": "1.0.0",
      "dependencies": {
        "@picocss/pico": "^2.1.1",
        "lucide": "^1.16.0"
      }
    },
    "node_modules/@picocss/pico": {
      "version": "2.1.1",
      "resolved": "https://registry.npmjs.org/@picocss/pico/-/pico-2.1.1.tgz",
      "integrity": "sha512-kIDugA7Ps4U+2BHxiNHmvgPIQDWPDU4IeU6TNRdvXQM1uZX+FibqDQT2xUOnnO2yq/LUHcwnGlu1hvf4KfXnMg==",
      "license": "MIT"
    },
    "node_modules/lucide": {
      "version": "1.16.0",
      "resolved": "https://registry.npmjs.org/lucide/-/lucide-1.16.0.tgz",
      "integrity": "sha512-20QvduCJTB7e7K9WVvoLBuKPsYZ8d6ptwe9PIdTFiZmjVTPdFWQreBNyNCM9QQtGnqHR0PLiEQdxyhYsL1LdoA==",
      "license": "ISC"
    }
  }
}
